{
  "name": "@uber5001/create-element",
  "version": "0.0.1",
  "lockfileVersion": 1,
  "requires": true,
  "dependencies": {
    "@uber5001/create-fragment": {
      "version": "0.0.1",
      "resolved": "https://registry.npmjs.org/@uber5001/create-fragment/-/create-fragment-0.0.1.tgz",
      "integrity": "sha512-Ji2+WB9aojBqLmcVmW7rUkenstYkiYa9QoxuvrDAp/whFrA/JCOMDsDbYalZTvcyDxMoOV757wjZBKqbpsxWrQ=="
    },
    "@uber5001/deep-assign": {
      "version": "0.0.1",
      "resolved": "https://registry.npmjs.org/@uber5001/deep-assign/-/deep-assign-0.0.1.tgz",
      "integrity": "sha512-dDZF2rXQkLeS28yYX+64EncCATy6nUA/iauN3HmByLzgYbm4GhI71ixPb7J4NMYvKoTr84rlEppgutEsHfL6qQ=="
    },
    "@uber5001/partial-application-proxy": {
      "version": "0.0.1",
      "resolved": "https://registry.npmjs.org/@uber5001/partial-application-proxy/-/partial-application-proxy-0.0.1.tgz",
      "integrity": "sha512-xzCJCV7m9iAWsT8WKWi+bRAETgSqVAN6sSRCS0Wh3bPu2JVo+gLth9MzMFgu6YfyNi0sRNySY5jr90hza63nnQ=="
    }
  }
}
